
Microsoft Visual Studio Solution File, Format Version 12.00
# Visual Studio 14
VisualStudioVersion = 14.0.25123.0
MinimumVisualStudioVersion = 10.0.40219.1
Project("{8BC9CEB8-8B4A-11D0-8D11-00A0C91BC942}") = "A2b-BVHViewer", "assignment2b\BVHViewer.vcxproj", "{D477E8D3-E83B-4B67-BCD7-84D21E4EFDBC}"
	ProjectSection(ProjectDependencies) = postProject
		{EC4CF401-651A-41E1-A2FA-74C26F3E7595} = {EC4CF401-651A-41E1-A2FA-74C26F3E7595}
		{236AF106-075B-4F33-9608-6C0B9B6ABF51} = {236AF106-075B-4F33-9608-6C0B9B6ABF51}
		{18DFEABD-43DD-4754-80E5-6D0149206B46} = {18DFEABD-43DD-4754-80E5-6D0149206B46}
		{2EE4D2E8-271B-464B-A020-4B67CC4AE415} = {2EE4D2E8-271B-464B-A020-4B67CC4AE415}
	EndProjectSection
EndProject
Project("{8BC9CEB8-8B4A-11D0-8D11-00A0C91BC942}") = "libassignment1", "libsrc\animation\libassignment1.vcxproj", "{236AF106-075B-4F33-9608-6C0B9B6ABF51}"
EndProject
Project("{8BC9CEB8-8B4A-11D0-8D11-00A0C91BC942}") = "A1-CurveViewer", "assignment1\A1-curveViewer.vcxproj", "{9519D5F1-93CB-43C8-9EA1-EB32E53A9661}"
	ProjectSection(ProjectDependencies) = postProject
		{236AF106-075B-4F33-9608-6C0B9B6ABF51} = {236AF106-075B-4F33-9608-6C0B9B6ABF51}
		{2EE4D2E8-271B-464B-A020-4B67CC4AE415} = {2EE4D2E8-271B-464B-A020-4B67CC4AE415}
	EndProjectSection
EndProject
Project("{8BC9CEB8-8B4A-11D0-8D11-00A0C91BC942}") = "A2a-Rotations", "assignment2a\RotationsViewer.vcxproj", "{1F9E067A-34E1-4556-B95B-4C7651EB4670}"
	ProjectSection(ProjectDependencies) = postProject
		{EC4CF401-651A-41E1-A2FA-74C26F3E7595} = {EC4CF401-651A-41E1-A2FA-74C26F3E7595}
		{236AF106-075B-4F33-9608-6C0B9B6ABF51} = {236AF106-075B-4F33-9608-6C0B9B6ABF51}
		{2EE4D2E8-271B-464B-A020-4B67CC4AE415} = {2EE4D2E8-271B-464B-A020-4B67CC4AE415}
	EndProjectSection
EndProject
Project("{8BC9CEB8-8B4A-11D0-8D11-00A0C91BC942}") = "libui", "libsrc\ui\libui.vcxproj", "{2EE4D2E8-271B-464B-A020-4B67CC4AE415}"
EndProject
Project("{8BC9CEB8-8B4A-11D0-8D11-00A0C91BC942}") = "libassignment2b", "libsrc\animation\libassignment2b.vcxproj", "{18DFEABD-43DD-4754-80E5-6D0149206B46}"
	ProjectSection(ProjectDependencies) = postProject
		{EC4CF401-651A-41E1-A2FA-74C26F3E7595} = {EC4CF401-651A-41E1-A2FA-74C26F3E7595}
		{08DB7921-5F4C-4FCA-ABA6-80D2D7B6EA9F} = {08DB7921-5F4C-4FCA-ABA6-80D2D7B6EA9F}
	EndProjectSection
EndProject
Project("{8BC9CEB8-8B4A-11D0-8D11-00A0C91BC942}") = "libassignment2a", "libsrc\animation\libassignment2a.vcxproj", "{EC4CF401-651A-41E1-A2FA-74C26F3E7595}"
EndProject
Project("{8BC9CEB8-8B4A-11D0-8D11-00A0C91BC942}") = "libassignment2c", "libsrc\animation\libassignment2c.vcxproj", "{08DB7921-5F4C-4FCA-ABA6-80D2D7B6EA9F}"
EndProject
Project("{8BC9CEB8-8B4A-11D0-8D11-00A0C91BC942}") = "A2c-IKViewer", "assignment2c\IKViewer.vcxproj", "{52DF85B8-2D5F-49F6-87AF-6E2206A2B05A}"
	ProjectSection(ProjectDependencies) = postProject
		{EC4CF401-651A-41E1-A2FA-74C26F3E7595} = {EC4CF401-651A-41E1-A2FA-74C26F3E7595}
		{236AF106-075B-4F33-9608-6C0B9B6ABF51} = {236AF106-075B-4F33-9608-6C0B9B6ABF51}
		{08DB7921-5F4C-4FCA-ABA6-80D2D7B6EA9F} = {08DB7921-5F4C-4FCA-ABA6-80D2D7B6EA9F}
		{18DFEABD-43DD-4754-80E5-6D0149206B46} = {18DFEABD-43DD-4754-80E5-6D0149206B46}
		{2EE4D2E8-271B-464B-A020-4B67CC4AE415} = {2EE4D2E8-271B-464B-A020-4B67CC4AE415}
	EndProjectSection
EndProject
Global
	GlobalSection(SolutionConfigurationPlatforms) = preSolution
		Debug|ARM = Debug|ARM
		Debug|Win32 = Debug|Win32
		Debug|x64 = Debug|x64
		Release|ARM = Release|ARM
		Release|Win32 = Release|Win32
		Release|x64 = Release|x64
	EndGlobalSection
	GlobalSection(ProjectConfigurationPlatforms) = postSolution
		{D477E8D3-E83B-4B67-BCD7-84D21E4EFDBC}.Debug|ARM.ActiveCfg = Debug|Win32
		{D477E8D3-E83B-4B67-BCD7-84D21E4EFDBC}.Debug|Win32.ActiveCfg = Debug|Win32
		{D477E8D3-E83B-4B67-BCD7-84D21E4EFDBC}.Debug|Win32.Build.0 = Debug|Win32
		{D477E8D3-E83B-4B67-BCD7-84D21E4EFDBC}.Debug|x64.ActiveCfg = Debug|x64
		{D477E8D3-E83B-4B67-BCD7-84D21E4EFDBC}.Debug|x64.Build.0 = Debug|x64
		{D477E8D3-E83B-4B67-BCD7-84D21E4EFDBC}.Release|ARM.ActiveCfg = Release|Win32
		{D477E8D3-E83B-4B67-BCD7-84D21E4EFDBC}.Release|Win32.ActiveCfg = Release|Win32
		{D477E8D3-E83B-4B67-BCD7-84D21E4EFDBC}.Release|Win32.Build.0 = Release|Win32
		{D477E8D3-E83B-4B67-BCD7-84D21E4EFDBC}.Release|x64.ActiveCfg = Release|x64
		{D477E8D3-E83B-4B67-BCD7-84D21E4EFDBC}.Release|x64.Build.0 = Release|x64
		{236AF106-075B-4F33-9608-6C0B9B6ABF51}.Debug|ARM.ActiveCfg = Debug|Win32
		{236AF106-075B-4F33-9608-6C0B9B6ABF51}.Debug|Win32.ActiveCfg = Debug|Win32
		{236AF106-075B-4F33-9608-6C0B9B6ABF51}.Debug|Win32.Build.0 = Debug|Win32
		{236AF106-075B-4F33-9608-6C0B9B6ABF51}.Debug|x64.ActiveCfg = Debug|Win32
		{236AF106-075B-4F33-9608-6C0B9B6ABF51}.Release|ARM.ActiveCfg = Release|Win32
		{236AF106-075B-4F33-9608-6C0B9B6ABF51}.Release|Win32.ActiveCfg = Release|Win32
		{236AF106-075B-4F33-9608-6C0B9B6ABF51}.Release|Win32.Build.0 = Release|Win32
		{236AF106-075B-4F33-9608-6C0B9B6ABF51}.Release|x64.ActiveCfg = Release|Win32
		{9519D5F1-93CB-43C8-9EA1-EB32E53A9661}.Debug|ARM.ActiveCfg = Debug|Win32
		{9519D5F1-93CB-43C8-9EA1-EB32E53A9661}.Debug|Win32.ActiveCfg = Debug|Win32
		{9519D5F1-93CB-43C8-9EA1-EB32E53A9661}.Debug|Win32.Build.0 = Debug|Win32
		{9519D5F1-93CB-43C8-9EA1-EB32E53A9661}.Debug|x64.ActiveCfg = Debug|x64
		{9519D5F1-93CB-43C8-9EA1-EB32E53A9661}.Debug|x64.Build.0 = Debug|x64
		{9519D5F1-93CB-43C8-9EA1-EB32E53A9661}.Release|ARM.ActiveCfg = Release|Win32
		{9519D5F1-93CB-43C8-9EA1-EB32E53A9661}.Release|Win32.ActiveCfg = Release|Win32
		{9519D5F1-93CB-43C8-9EA1-EB32E53A9661}.Release|Win32.Build.0 = Release|Win32
		{9519D5F1-93CB-43C8-9EA1-EB32E53A9661}.Release|x64.ActiveCfg = Release|x64
		{9519D5F1-93CB-43C8-9EA1-EB32E53A9661}.Release|x64.Build.0 = Release|x64
		{1F9E067A-34E1-4556-B95B-4C7651EB4670}.Debug|ARM.ActiveCfg = Debug|Win32
		{1F9E067A-34E1-4556-B95B-4C7651EB4670}.Debug|Win32.ActiveCfg = Debug|Win32
		{1F9E067A-34E1-4556-B95B-4C7651EB4670}.Debug|Win32.Build.0 = Debug|Win32
		{1F9E067A-34E1-4556-B95B-4C7651EB4670}.Debug|x64.ActiveCfg = Debug|x64
		{1F9E067A-34E1-4556-B95B-4C7651EB4670}.Debug|x64.Build.0 = Debug|x64
		{1F9E067A-34E1-4556-B95B-4C7651EB4670}.Release|ARM.ActiveCfg = Release|Win32
		{1F9E067A-34E1-4556-B95B-4C7651EB4670}.Release|Win32.ActiveCfg = Release|Win32
		{1F9E067A-34E1-4556-B95B-4C7651EB4670}.Release|Win32.Build.0 = Release|Win32
		{1F9E067A-34E1-4556-B95B-4C7651EB4670}.Release|x64.ActiveCfg = Release|x64
		{1F9E067A-34E1-4556-B95B-4C7651EB4670}.Release|x64.Build.0 = Release|x64
		{2EE4D2E8-271B-464B-A020-4B67CC4AE415}.Debug|ARM.ActiveCfg = Debug|Win32
		{2EE4D2E8-271B-464B-A020-4B67CC4AE415}.Debug|Win32.ActiveCfg = Debug|Win32
		{2EE4D2E8-271B-464B-A020-4B67CC4AE415}.Debug|Win32.Build.0 = Debug|Win32
		{2EE4D2E8-271B-464B-A020-4B67CC4AE415}.Debug|x64.ActiveCfg = Debug|Win32
		{2EE4D2E8-271B-464B-A020-4B67CC4AE415}.Release|ARM.ActiveCfg = Release|Win32
		{2EE4D2E8-271B-464B-A020-4B67CC4AE415}.Release|Win32.ActiveCfg = Release|Win32
		{2EE4D2E8-271B-464B-A020-4B67CC4AE415}.Release|Win32.Build.0 = Release|Win32
		{2EE4D2E8-271B-464B-A020-4B67CC4AE415}.Release|x64.ActiveCfg = Release|Win32
		{18DFEABD-43DD-4754-80E5-6D0149206B46}.Debug|ARM.ActiveCfg = Debug|Win32
		{18DFEABD-43DD-4754-80E5-6D0149206B46}.Debug|Win32.ActiveCfg = Debug|Win32
		{18DFEABD-43DD-4754-80E5-6D0149206B46}.Debug|Win32.Build.0 = Debug|Win32
		{18DFEABD-43DD-4754-80E5-6D0149206B46}.Debug|x64.ActiveCfg = Debug|Win32
		{18DFEABD-43DD-4754-80E5-6D0149206B46}.Release|ARM.ActiveCfg = Release|Win32
		{18DFEABD-43DD-4754-80E5-6D0149206B46}.Release|Win32.ActiveCfg = Release|Win32
		{18DFEABD-43DD-4754-80E5-6D0149206B46}.Release|Win32.Build.0 = Release|Win32
		{18DFEABD-43DD-4754-80E5-6D0149206B46}.Release|x64.ActiveCfg = Release|Win32
		{EC4CF401-651A-41E1-A2FA-74C26F3E7595}.Debug|ARM.ActiveCfg = Debug|Win32
		{EC4CF401-651A-41E1-A2FA-74C26F3E7595}.Debug|Win32.ActiveCfg = Debug|Win32
		{EC4CF401-651A-41E1-A2FA-74C26F3E7595}.Debug|Win32.Build.0 = Debug|Win32
		{EC4CF401-651A-41E1-A2FA-74C26F3E7595}.Debug|x64.ActiveCfg = Debug|Win32
		{EC4CF401-651A-41E1-A2FA-74C26F3E7595}.Release|ARM.ActiveCfg = Release|Win32
		{EC4CF401-651A-41E1-A2FA-74C26F3E7595}.Release|Win32.ActiveCfg = Release|Win32
		{EC4CF401-651A-41E1-A2FA-74C26F3E7595}.Release|Win32.Build.0 = Release|Win32
		{EC4CF401-651A-41E1-A2FA-74C26F3E7595}.Release|x64.ActiveCfg = Release|Win32
		{08DB7921-5F4C-4FCA-ABA6-80D2D7B6EA9F}.Debug|ARM.ActiveCfg = Debug|Win32
		{08DB7921-5F4C-4FCA-ABA6-80D2D7B6EA9F}.Debug|Win32.ActiveCfg = Debug|Win32
		{08DB7921-5F4C-4FCA-ABA6-80D2D7B6EA9F}.Debug|Win32.Build.0 = Debug|Win32
		{08DB7921-5F4C-4FCA-ABA6-80D2D7B6EA9F}.Debug|x64.ActiveCfg = Debug|Win32
		{08DB7921-5F4C-4FCA-ABA6-80D2D7B6EA9F}.Release|ARM.ActiveCfg = Release|Win32
		{08DB7921-5F4C-4FCA-ABA6-80D2D7B6EA9F}.Release|Win32.ActiveCfg = Release|Win32
		{08DB7921-5F4C-4FCA-ABA6-80D2D7B6EA9F}.Release|Win32.Build.0 = Release|Win32
		{08DB7921-5F4C-4FCA-ABA6-80D2D7B6EA9F}.Release|x64.ActiveCfg = Release|Win32
		{52DF85B8-2D5F-49F6-87AF-6E2206A2B05A}.Debug|ARM.ActiveCfg = Debug|Win32
		{52DF85B8-2D5F-49F6-87AF-6E2206A2B05A}.Debug|Win32.ActiveCfg = Debug|Win32
		{52DF85B8-2D5F-49F6-87AF-6E2206A2B05A}.Debug|Win32.Build.0 = Debug|Win32
		{52DF85B8-2D5F-49F6-87AF-6E2206A2B05A}.Debug|x64.ActiveCfg = Debug|x64
		{52DF85B8-2D5F-49F6-87AF-6E2206A2B05A}.Debug|x64.Build.0 = Debug|x64
		{52DF85B8-2D5F-49F6-87AF-6E2206A2B05A}.Release|ARM.ActiveCfg = Release|Win32
		{52DF85B8-2D5F-49F6-87AF-6E2206A2B05A}.Release|Win32.ActiveCfg = Release|Win32
		{52DF85B8-2D5F-49F6-87AF-6E2206A2B05A}.Release|Win32.Build.0 = Release|Win32
		{52DF85B8-2D5F-49F6-87AF-6E2206A2B05A}.Release|x64.ActiveCfg = Release|x64
		{52DF85B8-2D5F-49F6-87AF-6E2206A2B05A}.Release|x64.Build.0 = Release|x64
	EndGlobalSection
	GlobalSection(SolutionProperties) = preSolution
		HideSolutionNode = FALSE
	EndGlobalSection
EndGlobal
